{"version":4,"terraform_version":"1.10.2","serial":3,"lineage":"583c060a-e15d-565c-bcd6-adcb8a21490a","outputs":{"level1_simple_map":{"value":{"hash":"8d3e3f9b60fc262e0e1c6128f30dfc14f1000daae8a625a36a37b940a880b9b0","input":{"key1":"value1","key2":"value2","key3":"value3"},"processed":{"key1":"VALUE1","key2":"VALUE2","key3":"VALUE3"}},"type":["object",{"hash":"string","input":["map","string"],"processed":["map","string"]}]},"level2_complex_result":{"value":{"input_summary":["bool_val","list_val","nested_map","number_val","string_val"],"processed_summary":["bool_val","list_val","nested_map","number_val","string_val"],"status":"attempting complex mixed types"},"type":["object",{"input_summary":["tuple",["string","string","string","string","string"]],"processed_summary":["tuple",["string","string","string","string","string"]],"status":"string"}]},"level3_structured_result":{"value":{"config_name":"test_config","generated_config":{"enabled":true,"name":"test_config","numeric_settings":{"num_env":11,"num_owner":9,"num_version":3},"settings":{"env":"processed_development","owner":"processed_terraform","version":"processed_1.0"},"version":"1.0.0"},"summary":{"config_hash":"44cbf460","has_metadata":true,"nested_info":{"created_at":"2025-06-24T20:30:00Z","level":2},"total_keys":3}},"type":["object",{"config_name":"string","generated_config":["object",{"enabled":"bool","name":"string","numeric_settings":["map","number"],"settings":["map","string"],"version":"string"}],"summary":["object",{"config_hash":"string","has_metadata":"bool","nested_info":["object",{"created_at":"string","level":"number"}],"total_keys":"number"}]}]},"level4_resource_result":{"value":{"configuration":{"app_name":"my_app","enabled":true,"replicas":3,"tags":["web","api","production"]},"exists":true,"nested_configs":[{"port":80,"protocol":"http","service":"web","ssl_enabled":null},{"port":443,"protocol":"https","service":"api","ssl_enabled":true}],"processed_data":{"main_config":{"app_name":"my_app","enabled":true,"replicas":3,"tags":["web","api","production"]},"nested_count":2},"resource_id":"resource_test_nested_resource","resource_name":"test_nested_resource"},"type":["object",{"configuration":["object",{"app_name":"string","enabled":"bool","replicas":"number","tags":["tuple",["string","string","string"]]}],"exists":"bool","nested_configs":["list",["object",{"port":"number","protocol":"string","service":"string","ssl_enabled":"bool"}]],"processed_data":["object",{"main_config":["object",{"app_name":"string","enabled":"bool","replicas":"number","tags":["tuple",["string","string","string"]]}],"nested_count":"number"}],"resource_id":"string","resource_name":"string"}]},"level5_function_complex":{"value":{"original_data":{"app_config":{"features":["auth","api","web"],"name":"my_app","version":"1.0.0"},"deployment":{"env_vars":["ENV=prod","DEBUG=false"],"replicas":3,"resources":{"cpu":"500m","memory":"1Gi"}},"metadata":{"created_by":"terraform","managed":true}},"summary":{"mode":"expand"}},"type":["object",{"original_data":["object",{"app_config":["object",{"features":["tuple",["string","string","string"]],"name":"string","version":"string"}],"deployment":["object",{"env_vars":["tuple",["string","string"]],"replicas":"number","resources":["object",{"cpu":"string","memory":"string"}]}],"metadata":["object",{"created_by":"string","managed":"bool"}]}],"summary":["object",{"mode":"string"}]}]},"level5_function_simple":{"value":{"original_data":{"number":42,"simple_key":"simple_value"},"summary":{"mode":"analyze","total_keys":2}},"type":["object",{"original_data":["object",{"number":"number","simple_key":"string"}],"summary":["object",{"mode":"string","total_keys":"number"}]}]}},"resources":[{"mode":"data","type":"pyvider_mixed_map_test","name":"level2_complex","provider":"provider[\"local/providers/pyvider\"]","instances":[{"schema_version":0,"attributes":{"data_hash":"9a009aece477a595d17c01796eaffe5fa487e8c2e1e47b303a77d113c1902173","input_data":{"value":{"bool_val":true,"list_val":["item1","item2","item3"],"nested_map":{"inner_key":"inner_value","inner_num":456},"number_val":123,"string_val":"terraform"},"type":["object",{"bool_val":"bool","list_val":["tuple",["string","string","string"]],"nested_map":["object",{"inner_key":"string","inner_num":"number"}],"number_val":"number","string_val":"string"}]},"processed_data":{"value":{"bool_val":2,"list_val":["item1","item2","item3"],"nested_map":{"inner_key":"inner_value","inner_num":456},"number_val":124,"string_val":"TERRAFORM"},"type":["object",{"bool_val":"number","list_val":["tuple",["string","string","string"]],"nested_map":["object",{"inner_key":"string","inner_num":"number"}],"number_val":"number","string_val":"string"}]}},"sensitive_attributes":[]}]},{"mode":"data","type":"pyvider_simple_map_test","name":"level1","provider":"provider[\"local/providers/pyvider\"]","instances":[{"schema_version":0,"attributes":{"data_hash":"8d3e3f9b60fc262e0e1c6128f30dfc14f1000daae8a625a36a37b940a880b9b0","input_data":{"key1":"value1","key2":"value2","key3":"value3"},"processed_data":{"key1":"VALUE1","key2":"VALUE2","key3":"VALUE3"}},"sensitive_attributes":[]}]},{"mode":"data","type":"pyvider_structured_object_test","name":"level3","provider":"provider[\"local/providers/pyvider\"]","instances":[{"schema_version":0,"attributes":{"config_name":"test_config","generated_config":{"enabled":true,"name":"test_config","numeric_settings":{"num_env":11,"num_owner":9,"num_version":3},"settings":{"env":"processed_development","owner":"processed_terraform","version":"processed_1.0"},"version":"1.0.0"},"metadata":{"env":"development","owner":"terraform","version":"1.0"},"summary":{"config_hash":"44cbf460","has_metadata":true,"nested_info":{"created_at":"2025-06-24T20:30:00Z","level":2},"total_keys":3}},"sensitive_attributes":[]}]},{"mode":"managed","type":"pyvider_nested_resource_test","name":"level4","provider":"provider[\"local/providers/pyvider\"]","instances":[{"schema_version":1,"attributes":{"configuration":{"value":{"app_name":"my_app","enabled":true,"replicas":3,"tags":["web","api","production"]},"type":["object",{"app_name":"string","enabled":"bool","replicas":"number","tags":["tuple",["string","string","string"]]}]},"exists":true,"nested_configs":[{"port":80,"protocol":"http","service":"web","ssl_enabled":null},{"port":443,"protocol":"https","service":"api","ssl_enabled":true}],"processed_data":{"value":{"main_config":{"app_name":"my_app","enabled":true,"replicas":3,"tags":["web","api","production"]},"nested_count":2},"type":["object",{"main_config":["object",{"app_name":"string","enabled":"bool","replicas":"number","tags":["tuple",["string","string","string"]]}],"nested_count":"number"}]},"resource_id":"resource_test_nested_resource","resource_name":"test_nested_resource"},"sensitive_attributes":[]}]}],"check_results":null}
